// !$*UTF8*$!
{
	archiveVersion = 1;
	classes = {
	};
	objectVersion = 46;
	objects = {

/* Begin PBXBuildFile section */
		7E33681F1DA21E4900FB7C6F /* AppDelegate.swift in Sources */ = {isa = PBXBuildFile; fileRef = 7E33681E1DA21E4900FB7C6F /* AppDelegate.swift */; };
		7E3368211DA21E4900FB7C6F /* ViewController.swift in Sources */ = {isa = PBXBuildFile; fileRef = 7E3368201DA21E4900FB7C6F /* ViewController.swift */; };
		7E3368241DA21E4900FB7C6F /* Main.storyboard in Resources */ = {isa = PBXBuildFile; fileRef = 7E3368221DA21E4900FB7C6F /* Main.storyboard */; };
		7E3368261DA21E4900FB7C6F /* Assets.xcassets in Resources */ = {isa = PBXBuildFile; fileRef = 7E3368251DA21E4900FB7C6F /* Assets.xcassets */; };
		7E3368291DA21E4900FB7C6F /* LaunchScreen.storyboard in Resources */ = {isa = PBXBuildFile; fileRef = 7E3368271DA21E4900FB7C6F /* LaunchScreen.storyboard */; };
/* End PBXBuildFile section */

/* Begin PBXFileReference section */
		7E33681B1DA21E4900FB7C6F /* searchController.app */ = {isa = PBXFileReference; explicitFileType = wrapper.application; includeInIndex = 0; path = searchController.app; sourceTree = BUILT_PRODUCTS_DIR; };
		7E33681E1DA21E4900FB7C6F /* AppDelegate.swift */ = {isa = PBXFileReference; lastKnownFileType = sourcecode.swift; path = AppDelegate.swift; sourceTree = "<group>"; };
		7E3368201DA21E4900FB7C6F /* ViewController.swift */ = {isa = PBXFileReference; lastKnownFileType = sourcecode.swift; path = ViewController.swift; sourceTree = "<group>"; };
		7E3368231DA21E4900FB7C6F /* Base */ = {isa = PBXFileReference; lastKnownFileType = file.storyboard; name = Base; path = Base.lproj/Main.storyboard; sourceTree = "<group>"; };
		7E3368251DA21E4900FB7C6F /* Assets.xcassets */ = {isa = PBXFileReference; lastKnownFileType = folder.assetcatalog; path = Assets.xcassets; sourceTree = "<group>"; };
		7E3368281DA21E4900FB7C6F /* Base */ = {isa = PBXFileReference; lastKnownFileType = file.storyboard; name = Base; path = Base.lproj/LaunchScreen.storyboard; sourceTree = "<group>"; };
		7E33682A1DA21E4900FB7C6F /* Info.plist */ = {isa = PBXFileReference; lastKnownFileType = text.plist.xml; path = Info.plist; sourceTree = "<group>"; };
/* End PBXFileReference section */

/* Begin PBXFrameworksBuildPhase section */
		7E3368181DA21E4800FB7C6F /* Frameworks */ = {
			isa = PBXFrameworksBuildPhase;
			buildActionMask = 2147483647;
			files = (
			);
			runOnlyForDeploymentPostprocessing = 0;
		};
/* End PBXFrameworksBuildPhase section */

/* Begin PBXGroup section */
		7E3368121DA21E4800FB7C6F = {
			isa = PBXGroup;
			children = (
				7E33681D1DA21E4900FB7C6F /* searchController */,
				7E33681C1DA21E4900FB7C6F /* Products */,
			);
			sourceTree = "<group>";
		};
		7E33681C1DA21E4900FB7C6F /* Products */ = {
			isa = PBXGroup;
			children = (
				7E33681B1DA21E4900FB7C6F /* searchController.app */,
			);
			name = Products;
			sourceTree = "<group>";
		};
		7E33681D1DA21E4900FB7C6F /* searchController */ = {
			isa = PBXGroup;
			children = (
				7E33681E1DA21E4900FB7C6F /* AppDelegate.swift */,
				7E3368201DA21E4900FB7C6F /* ViewController.swift */,
				7E3368221DA21E4900FB7C6F /* Main.storyboard */,
				7E3368251DA21E4900FB7C6F /* Assets.xcassets */,
				7E3368271DA21E4900FB7C6F /* LaunchScreen.storyboard */,
				7E33682A1DA21E4900FB7C6F /* Info.plist */,
			);
			path = searchController;
			sourceTree = "<group>";
		};
/* End PBXGroup section */

/* Begin PBXNativeTarget section */
		7E33681A1DA21E4800FB7C6F /* searchController */ = {
			isa = PBXNativeTarget;
			buildConfigurationList = 7E33682D1DA21E4900FB7C6F /* Build configuration list for PBXNativeTarget "searchController" */;
			buildPhases = (
				7E3368171DA21E4800FB7C6F /* Sources */,
				7E3368181DA21E4800FB7C6F /* Frameworks */,
				7E3368191DA21E4800FB7C6F /* Resources */,
			);
			buildRules = (
			);
			dependencies = (
			);
			name = searchController;
			productName = searchController;
			productReference = 7E33681B1DA21E4900FB7C6F /* searchController.app */;
			productType = "com.apple.product-type.application";
		};
/* End PBXNativeTarget section */

/* Begin PBXProject section */
		7E3368131DA21E4800FB7C6F /* Project object */ = {
			isa = PBXProject;
			attributes = {
				LastSwiftUpdateCheck = 0800;
				LastUpgradeCheck = 0800;
				ORGANIZATIONNAME = yumin;
				TargetAttributes = {
					7E33681A1DA21E4800FB7C6F = {
						CreatedOnToolsVersion = 8.0;
						LastSwiftMigration = 0800;
						ProvisioningStyle = Automatic;
					};
				};
			};
			buildConfigurationList = 7E3368161DA21E4800FB7C6F /* Build configuration list for PBXProject "searchController" */;
			compatibilityVersion = "Xcode 3.2";
			developmentRegion = English;
			hasScannedForEncodings = 0;
			knownRegions = (
				en,
				Base,
			);
			mainGroup = 7E3368121DA21E4800FB7C6F;
			productRefGroup = 7E33681C1DA21E4900FB7C6F /* Products */;
			projectDirPath = "";
			projectRoot = "";
			targets = (
				7E33681A1DA21E4800FB7C6F /* searchController */,
			);
		};
/* End PBXProject section */

/* Begin PBXResourcesBuildPhase section */
		7E3368191DA21E4800FB7C6F /* Resources */ = {
			isa = PBXResourcesBuildPhase;
			buildActionMask = 2147483647;
			files = (
				7E3368291DA21E4900FB7C6F /* LaunchScreen.storyboard in Resources */,
				7E3368261DA21E4900FB7C6F /* Assets.xcassets in Resources */,
				7E3368241DA21E4900FB7C6F /* Main.storyboard in Resources */,
			);
			runOnlyForDeploymentPostprocessing = 0;
		};
/* End PBXResourcesBuildPhase section */

/* Begin PBXSourcesBuildPhase section */
		7E3368171DA21E4800FB7C6F /* Sources */ = {
			isa = PBXSourcesBuildPhase;
			buildActionMask = 2147483647;
			files = (
				7E3368211DA21E4900FB7C6F /* ViewController.swift in Sources */,
				7E33681F1DA21E4900FB7C6F /* AppDelegate.swift in Sources */,
			);
			runOnlyForDeploymentPostprocessing = 0;
		};
/* End PBXSourcesBuildPhase section */

/* Begin PBXVariantGroup section */
		7E3368221DA21E4900FB7C6F /* Main.storyboard */ = {
			isa = PBXVariantGroup;
			children = (
				7E3368231DA21E4900FB7C6F /* Base */,
			);
			name = Main.storyboard;
			sourceTree = "<group>";
		};
		7E3368271DA21E4900FB7C6F /* LaunchScreen.storyboard */ = {
			isa = PBXVariantGroup;
			children = (
				7E3368281DA21E4900FB7C6F /* Base */,
			);
			name = LaunchScreen.storyboard;
			sourceTree = "<group>";
		};
/* End PBXVariantGroup section */

/* Begin XCBuildConfiguration section */
		7E33682B1DA21E4900FB7C6F /* Debug */ = {
			isa = XCBuildConfiguration;
			buildSettings = {
				ALWAYS_SEARCH_USER_PATHS = NO;
				CLANG_ANALYZER_NONNULL = YES;
				CLANG_CXX_LANGUAGE_STANDARD = "gnu++0x";
				CLANG_CXX_LIBRARY = "libc++";
				CLANG_ENABLE_MODULES = YES;
				CLANG_ENABLE_OBJC_ARC = YES;
				CLANG_WARN_BOOL_CONVERSION = YES;
				CLANG_WARN_CONSTANT_CONVERSION = YES;
				CLANG_WARN_DIRECT_OBJC_ISA_USAGE = YES_ERROR;
				CLANG_WARN_DOCUMENTATION_COMMENTS = YES;
				CLANG_WARN_EMPTY_BODY = YES;
				CLANG_WARN_ENUM_CONVERSION = YES;
				CLANG_WARN_INFINITE_RECURSION = YES;
				CLANG_WARN_INT_CONVERSION = YES;
				CLANG_WARN_OBJC_ROOT_CLASS = YES_ERROR;
				CLANG_WARN_SUSPICIOUS_MOVES = YES;
				CLANG_WARN_UNREACHABLE_CODE = YES;
				CLANG_WARN__DUPLICATE_METHOD_MATCH = YES;
				"CODE_SIGN_IDENTITY[sdk=iphoneos*]" = "iPhone Developer";
				COPY_PHASE_STRIP = NO;
				DEBUG_INFORMATION_FORMAT = dwarf;
				ENABLE_STRICT_OBJC_MSGSEND = YES;
				ENABLE_TESTABILITY = YES;
				GCC_C_LANGUAGE_STANDARD = gnu99;
				GCC_DYNAMIC_NO_PIC = NO;
				GCC_NO_COMMON_BLOCKS = YES;
				GCC_OPTIMIZATION_LEVEL = 0;
				GCC_PREPROCESSOR_DEFINITIONS = (
					"DEBUG=1",
					"$(inherited)",
				);
				GCC_WARN_64_TO_32_BIT_CONVERSION = YES;
				GCC_WARN_ABOUT_RETURN_TYPE = YES_ERROR;
				GCC_WARN_UNDECLARED_SELECTOR = YES;
				GCC_WARN_UNINITIALIZED_AUTOS = YES_AGGRESSIVE;
				GCC_WARN_UNUSED_FUNCTION = YES;
				GCC_WARN_UNUSED_VARIABLE = YES;
				IPHONEOS_DEPLOYMENT_TARGET = 10.0;
				MTL_ENABLE_DEBUG_INFO = YES;
				ONLY_ACTIVE_ARCH = YES;
				SDKROOT = iphoneos;
				SWIFT_ACTIVE_COMPILATION_CONDITIONS = DEBUG;
				SWIFT_OPTIMIZATION_LEVEL = "-Onone";
				TARGETED_DEVICE_FAMILY = "1,2";
			};
			name = Debug;
		};
		7E33682C1DA21E4900FB7C6F /* Release */ = {
			isa = XCBuildConfiguration;
			buildSettings = {
				ALWAYS_SEARCH_USER_PATHS = NO;
				CLANG_ANALYZER_NONNULL = YES;
				CLANG_CXX_LANGUAGE_STANDARD = "gnu++0x";
				CLANG_CXX_LIBRARY = "libc++";
				CLANG_ENABLE_MODULES = YES;
				CLANG_ENABLE_OBJC_ARC = YES;
				CLANG_WARN_BOOL_CONVERSION = YES;
				CLANG_WARN_CONSTANT_CONVERSION = YES;
				CLANG_WARN_DIRECT_OBJC_ISA_USAGE = YES_ERROR;
				CLANG_WARN_DOCUMENTATION_COMMENTS = YES;
				CLANG_WARN_EMPTY_BODY = YES;
				CLANG_WARN_ENUM_CONVERSION = YES;
				CLANG_WARN_INFINITE_RECURSION = YES;
				CLANG_WARN_INT_CONVERSION = YES;
				CLANG_WARN_OBJC_ROOT_CLASS = YES_ERROR;
				CLANG_WARN_SUSPICIOUS_MOVES = YES;
				CLANG_WARN_UNREACHABLE_CODE = YES;
				CLANG_WARN__DUPLICATE_METHOD_MATCH = YES;
				"CODE_SIGN_IDENTITY[sdk=iphoneos*]" = "iPhone Developer";
				COPY_PHASE_STRIP = NO;
				DEBUG_INFORMATION_FORMAT = "dwarf-with-dsym";
				ENABLE_NS_ASSERTIONS = NO;
				ENABLE_STRICT_OBJC_MSGSEND = YES;
				GCC_C_LANGUAGE_STANDARD = gnu99;
				GCC_NO_COMMON_BLOCKS = YES;
				GCC_WARN_64_TO_32_BIT_CONVERSION = YES;
				GCC_WARN_ABOUT_RETURN_TYPE = YES_ERROR;
				GCC_WARN_UNDECLARED_SELECTOR = YES;
				GCC_WARN_UNINITIALIZED_AUTOS = YES_AGGRESSIVE;
				GCC_WARN_UNUSED_FUNCTION = YES;
				GCC_WARN_UNUSED_VARIABLE = YES;
				IPHONEOS_DEPLOYMENT_TARGET = 10.0;
				MTL_ENABLE_DEBUG_INFO = NO;
				SDKROOT = iphoneos;
				SWIFT_OPTIMIZATION_LEVEL = "-Owholemodule";
				TARGETED_DEVICE_FAMILY = "1,2";
				VALIDATE_PRODUCT = YES;
			};
			name = Release;
		};
		7E33682E1DA21E4900FB7C6F /* Debug */ = {
			isa = XCBuildConfiguration;
			buildSettings = {
				ASSETCATALOG_COMPILER_APPICON_NAME = AppIcon;
				CLANG_ENABLE_MODULES = YES;
				INFOPLIST_FILE = searchController/Info.plist;
				LD_RUNPATH_SEARCH_PATHS = "$(inherited) @executable_path/Frameworks";
				PRODUCT_BUNDLE_IDENTIFIER = com.practicaldemo.yumin8312.searchController;
				PRODUCT_NAME = "$(TARGET_NAME)";
				SWIFT_OBJC_BRIDGING_HEADER = "searchController/searchController-Bridging-Header.h";
				SWIFT_OPTIMIZATION_LEVEL = "-Onone";
				SWIFT_VERSION = 3.0;
			};
			name = Debug;
		};
		7E33682F1DA21E4900FB7C6F /* Release */ = {
			isa = XCBuildConfiguration;
			buildSettings = {
				ASSETCATALOG_COMPILER_APPICON_NAME = AppIcon;
				CLANG_ENABLE_MODULES = YES;
				INFOPLIST_FILE = searchController/Info.plist;
				LD_RUNPATH_SEARCH_PATHS = "$(inherited) @executable_path/Frameworks";
				PRODUCT_BUNDLE_IDENTIFIER = com.practicaldemo.yumin8312.searchController;
				PRODUCT_NAME = "$(TARGET_NAME)";
				SWIFT_OBJC_BRIDGING_HEADER = "searchController/searchController-Bridging-Header.h";
				SWIFT_VERSION = 3.0;
			};
			name = Release;
		};
/* End XCBuildConfiguration section */

/* Begin XCConfigurationList section */
		7E3368161DA21E4800FB7C6F /* Build configuration list for PBXProject "searchController" */ = {
			isa = XCConfigurationList;
			buildConfigurations = (
				7E33682B1DA21E4900FB7C6F /* Debug */,
				7E33682C1DA21E4900FB7C6F /* Release */,
			);
			defaultConfigurationIsVisible = 0;
			defaultConfigurationName = Release;
		};
		7E33682D1DA21E4900FB7C6F /* Build configuration list for PBXNativeTarget "searchController" */ = {
			isa = XCConfigurationList;
			buildConfigurations = (
				7E33682E1DA21E4900FB7C6F /* Debug */,
				7E33682F1DA21E4900FB7C6F /* Release */,
			);
			defaultConfigurationIsVisible = 0;
			defaultConfigurationName = Release;
		};
/* End XCConfigurationList section */
	};
	rootObject = 7E3368131DA21E4800FB7C6F /* Project object */;
}
