// !$*UTF8*$!
{
	archiveVersion = 1;
	classes = {
	};
	objectVersion = 46;
	objects = {

/* Begin PBXBuildFile section */
		7E02D3181DAE13C9008A01B9 /* AppDelegate.swift in Sources */ = {isa = PBXBuildFile; fileRef = 7E02D3171DAE13C9008A01B9 /* AppDelegate.swift */; };
		7E02D31A1DAE13C9008A01B9 /* ViewController.swift in Sources */ = {isa = PBXBuildFile; fileRef = 7E02D3191DAE13C9008A01B9 /* ViewController.swift */; };
		7E02D31D1DAE13C9008A01B9 /* Main.storyboard in Resources */ = {isa = PBXBuildFile; fileRef = 7E02D31B1DAE13C9008A01B9 /* Main.storyboard */; };
		7E02D31F1DAE13C9008A01B9 /* Assets.xcassets in Resources */ = {isa = PBXBuildFile; fileRef = 7E02D31E1DAE13C9008A01B9 /* Assets.xcassets */; };
		7E02D3221DAE13C9008A01B9 /* LaunchScreen.storyboard in Resources */ = {isa = PBXBuildFile; fileRef = 7E02D3201DAE13C9008A01B9 /* LaunchScreen.storyboard */; };
		7E02D32C1DAE1A67008A01B9 /* refreshTableViewCell.swift in Sources */ = {isa = PBXBuildFile; fileRef = 7E02D32B1DAE1A67008A01B9 /* refreshTableViewCell.swift */; };
/* End PBXBuildFile section */

/* Begin PBXFileReference section */
		7E02D3141DAE13C9008A01B9 /* PulltoRefresh.app */ = {isa = PBXFileReference; explicitFileType = wrapper.application; includeInIndex = 0; path = PulltoRefresh.app; sourceTree = BUILT_PRODUCTS_DIR; };
		7E02D3171DAE13C9008A01B9 /* AppDelegate.swift */ = {isa = PBXFileReference; lastKnownFileType = sourcecode.swift; path = AppDelegate.swift; sourceTree = "<group>"; };
		7E02D3191DAE13C9008A01B9 /* ViewController.swift */ = {isa = PBXFileReference; lastKnownFileType = sourcecode.swift; path = ViewController.swift; sourceTree = "<group>"; };
		7E02D31C1DAE13C9008A01B9 /* Base */ = {isa = PBXFileReference; lastKnownFileType = file.storyboard; name = Base; path = Base.lproj/Main.storyboard; sourceTree = "<group>"; };
		7E02D31E1DAE13C9008A01B9 /* Assets.xcassets */ = {isa = PBXFileReference; lastKnownFileType = folder.assetcatalog; path = Assets.xcassets; sourceTree = "<group>"; };
		7E02D3211DAE13C9008A01B9 /* Base */ = {isa = PBXFileReference; lastKnownFileType = file.storyboard; name = Base; path = Base.lproj/LaunchScreen.storyboard; sourceTree = "<group>"; };
		7E02D3231DAE13C9008A01B9 /* Info.plist */ = {isa = PBXFileReference; lastKnownFileType = text.plist.xml; path = Info.plist; sourceTree = "<group>"; };
		7E02D32B1DAE1A67008A01B9 /* refreshTableViewCell.swift */ = {isa = PBXFileReference; fileEncoding = 4; lastKnownFileType = sourcecode.swift; path = refreshTableViewCell.swift; sourceTree = "<group>"; };
/* End PBXFileReference section */

/* Begin PBXFrameworksBuildPhase section */
		7E02D3111DAE13C8008A01B9 /* Frameworks */ = {
			isa = PBXFrameworksBuildPhase;
			buildActionMask = 2147483647;
			files = (
			);
			runOnlyForDeploymentPostprocessing = 0;
		};
/* End PBXFrameworksBuildPhase section */

/* Begin PBXGroup section */
		7E02D30B1DAE13C8008A01B9 = {
			isa = PBXGroup;
			children = (
				7E02D3161DAE13C9008A01B9 /* PulltoRefresh */,
				7E02D3151DAE13C9008A01B9 /* Products */,
			);
			sourceTree = "<group>";
		};
		7E02D3151DAE13C9008A01B9 /* Products */ = {
			isa = PBXGroup;
			children = (
				7E02D3141DAE13C9008A01B9 /* PulltoRefresh.app */,
			);
			name = Products;
			sourceTree = "<group>";
		};
		7E02D3161DAE13C9008A01B9 /* PulltoRefresh */ = {
			isa = PBXGroup;
			children = (
				7E02D3171DAE13C9008A01B9 /* AppDelegate.swift */,
				7E02D3191DAE13C9008A01B9 /* ViewController.swift */,
				7E02D31B1DAE13C9008A01B9 /* Main.storyboard */,
				7E02D31E1DAE13C9008A01B9 /* Assets.xcassets */,
				7E02D3201DAE13C9008A01B9 /* LaunchScreen.storyboard */,
				7E02D3231DAE13C9008A01B9 /* Info.plist */,
				7E02D32B1DAE1A67008A01B9 /* refreshTableViewCell.swift */,
			);
			path = PulltoRefresh;
			sourceTree = "<group>";
		};
/* End PBXGroup section */

/* Begin PBXNativeTarget section */
		7E02D3131DAE13C8008A01B9 /* PulltoRefresh */ = {
			isa = PBXNativeTarget;
			buildConfigurationList = 7E02D3261DAE13C9008A01B9 /* Build configuration list for PBXNativeTarget "PulltoRefresh" */;
			buildPhases = (
				7E02D3101DAE13C8008A01B9 /* Sources */,
				7E02D3111DAE13C8008A01B9 /* Frameworks */,
				7E02D3121DAE13C8008A01B9 /* Resources */,
			);
			buildRules = (
			);
			dependencies = (
			);
			name = PulltoRefresh;
			productName = PulltoRefresh;
			productReference = 7E02D3141DAE13C9008A01B9 /* PulltoRefresh.app */;
			productType = "com.apple.product-type.application";
		};
/* End PBXNativeTarget section */

/* Begin PBXProject section */
		7E02D30C1DAE13C8008A01B9 /* Project object */ = {
			isa = PBXProject;
			attributes = {
				LastSwiftUpdateCheck = 0800;
				LastUpgradeCheck = 0800;
				ORGANIZATIONNAME = yumin;
				TargetAttributes = {
					7E02D3131DAE13C8008A01B9 = {
						CreatedOnToolsVersion = 8.0;
						ProvisioningStyle = Automatic;
					};
				};
			};
			buildConfigurationList = 7E02D30F1DAE13C8008A01B9 /* Build configuration list for PBXProject "PulltoRefresh" */;
			compatibilityVersion = "Xcode 3.2";
			developmentRegion = English;
			hasScannedForEncodings = 0;
			knownRegions = (
				en,
				Base,
			);
			mainGroup = 7E02D30B1DAE13C8008A01B9;
			productRefGroup = 7E02D3151DAE13C9008A01B9 /* Products */;
			projectDirPath = "";
			projectRoot = "";
			targets = (
				7E02D3131DAE13C8008A01B9 /* PulltoRefresh */,
			);
		};
/* End PBXProject section */

/* Begin PBXResourcesBuildPhase section */
		7E02D3121DAE13C8008A01B9 /* Resources */ = {
			isa = PBXResourcesBuildPhase;
			buildActionMask = 2147483647;
			files = (
				7E02D3221DAE13C9008A01B9 /* LaunchScreen.storyboard in Resources */,
				7E02D31F1DAE13C9008A01B9 /* Assets.xcassets in Resources */,
				7E02D31D1DAE13C9008A01B9 /* Main.storyboard in Resources */,
			);
			runOnlyForDeploymentPostprocessing = 0;
		};
/* End PBXResourcesBuildPhase section */

/* Begin PBXSourcesBuildPhase section */
		7E02D3101DAE13C8008A01B9 /* Sources */ = {
			isa = PBXSourcesBuildPhase;
			buildActionMask = 2147483647;
			files = (
				7E02D31A1DAE13C9008A01B9 /* ViewController.swift in Sources */,
				7E02D3181DAE13C9008A01B9 /* AppDelegate.swift in Sources */,
				7E02D32C1DAE1A67008A01B9 /* refreshTableViewCell.swift in Sources */,
			);
			runOnlyForDeploymentPostprocessing = 0;
		};
/* End PBXSourcesBuildPhase section */

/* Begin PBXVariantGroup section */
		7E02D31B1DAE13C9008A01B9 /* Main.storyboard */ = {
			isa = PBXVariantGroup;
			children = (
				7E02D31C1DAE13C9008A01B9 /* Base */,
			);
			name = Main.storyboard;
			sourceTree = "<group>";
		};
		7E02D3201DAE13C9008A01B9 /* LaunchScreen.storyboard */ = {
			isa = PBXVariantGroup;
			children = (
				7E02D3211DAE13C9008A01B9 /* Base */,
			);
			name = LaunchScreen.storyboard;
			sourceTree = "<group>";
		};
/* End PBXVariantGroup section */

/* Begin XCBuildConfiguration section */
		7E02D3241DAE13C9008A01B9 /* Debug */ = {
			isa = XCBuildConfiguration;
			buildSettings = {
				ALWAYS_SEARCH_USER_PATHS = NO;
				CLANG_ANALYZER_NONNULL = YES;
				CLANG_CXX_LANGUAGE_STANDARD = "gnu++0x";
				CLANG_CXX_LIBRARY = "libc++";
				CLANG_ENABLE_MODULES = YES;
				CLANG_ENABLE_OBJC_ARC = YES;
				CLANG_WARN_BOOL_CONVERSION = YES;
				CLANG_WARN_CONSTANT_CONVERSION = YES;
				CLANG_WARN_DIRECT_OBJC_ISA_USAGE = YES_ERROR;
				CLANG_WARN_DOCUMENTATION_COMMENTS = YES;
				CLANG_WARN_EMPTY_BODY = YES;
				CLANG_WARN_ENUM_CONVERSION = YES;
				CLANG_WARN_INFINITE_RECURSION = YES;
				CLANG_WARN_INT_CONVERSION = YES;
				CLANG_WARN_OBJC_ROOT_CLASS = YES_ERROR;
				CLANG_WARN_SUSPICIOUS_MOVES = YES;
				CLANG_WARN_UNREACHABLE_CODE = YES;
				CLANG_WARN__DUPLICATE_METHOD_MATCH = YES;
				"CODE_SIGN_IDENTITY[sdk=iphoneos*]" = "iPhone Developer";
				COPY_PHASE_STRIP = NO;
				DEBUG_INFORMATION_FORMAT = dwarf;
				ENABLE_STRICT_OBJC_MSGSEND = YES;
				ENABLE_TESTABILITY = YES;
				GCC_C_LANGUAGE_STANDARD = gnu99;
				GCC_DYNAMIC_NO_PIC = NO;
				GCC_NO_COMMON_BLOCKS = YES;
				GCC_OPTIMIZATION_LEVEL = 0;
				GCC_PREPROCESSOR_DEFINITIONS = (
					"DEBUG=1",
					"$(inherited)",
				);
				GCC_WARN_64_TO_32_BIT_CONVERSION = YES;
				GCC_WARN_ABOUT_RETURN_TYPE = YES_ERROR;
				GCC_WARN_UNDECLARED_SELECTOR = YES;
				GCC_WARN_UNINITIALIZED_AUTOS = YES_AGGRESSIVE;
				GCC_WARN_UNUSED_FUNCTION = YES;
				GCC_WARN_UNUSED_VARIABLE = YES;
				IPHONEOS_DEPLOYMENT_TARGET = 10.0;
				MTL_ENABLE_DEBUG_INFO = YES;
				ONLY_ACTIVE_ARCH = YES;
				SDKROOT = iphoneos;
				SWIFT_ACTIVE_COMPILATION_CONDITIONS = DEBUG;
				SWIFT_OPTIMIZATION_LEVEL = "-Onone";
				TARGETED_DEVICE_FAMILY = "1,2";
			};
			name = Debug;
		};
		7E02D3251DAE13C9008A01B9 /* Release */ = {
			isa = XCBuildConfiguration;
			buildSettings = {
				ALWAYS_SEARCH_USER_PATHS = NO;
				CLANG_ANALYZER_NONNULL = YES;
				CLANG_CXX_LANGUAGE_STANDARD = "gnu++0x";
				CLANG_CXX_LIBRARY = "libc++";
				CLANG_ENABLE_MODULES = YES;
				CLANG_ENABLE_OBJC_ARC = YES;
				CLANG_WARN_BOOL_CONVERSION = YES;
				CLANG_WARN_CONSTANT_CONVERSION = YES;
				CLANG_WARN_DIRECT_OBJC_ISA_USAGE = YES_ERROR;
				CLANG_WARN_DOCUMENTATION_COMMENTS = YES;
				CLANG_WARN_EMPTY_BODY = YES;
				CLANG_WARN_ENUM_CONVERSION = YES;
				CLANG_WARN_INFINITE_RECURSION = YES;
				CLANG_WARN_INT_CONVERSION = YES;
				CLANG_WARN_OBJC_ROOT_CLASS = YES_ERROR;
				CLANG_WARN_SUSPICIOUS_MOVES = YES;
				CLANG_WARN_UNREACHABLE_CODE = YES;
				CLANG_WARN__DUPLICATE_METHOD_MATCH = YES;
				"CODE_SIGN_IDENTITY[sdk=iphoneos*]" = "iPhone Developer";
				COPY_PHASE_STRIP = NO;
				DEBUG_INFORMATION_FORMAT = "dwarf-with-dsym";
				ENABLE_NS_ASSERTIONS = NO;
				ENABLE_STRICT_OBJC_MSGSEND = YES;
				GCC_C_LANGUAGE_STANDARD = gnu99;
				GCC_NO_COMMON_BLOCKS = YES;
				GCC_WARN_64_TO_32_BIT_CONVERSION = YES;
				GCC_WARN_ABOUT_RETURN_TYPE = YES_ERROR;
				GCC_WARN_UNDECLARED_SELECTOR = YES;
				GCC_WARN_UNINITIALIZED_AUTOS = YES_AGGRESSIVE;
				GCC_WARN_UNUSED_FUNCTION = YES;
				GCC_WARN_UNUSED_VARIABLE = YES;
				IPHONEOS_DEPLOYMENT_TARGET = 10.0;
				MTL_ENABLE_DEBUG_INFO = NO;
				SDKROOT = iphoneos;
				SWIFT_OPTIMIZATION_LEVEL = "-Owholemodule";
				TARGETED_DEVICE_FAMILY = "1,2";
				VALIDATE_PRODUCT = YES;
			};
			name = Release;
		};
		7E02D3271DAE13C9008A01B9 /* Debug */ = {
			isa = XCBuildConfiguration;
			buildSettings = {
				ASSETCATALOG_COMPILER_APPICON_NAME = AppIcon;
				INFOPLIST_FILE = PulltoRefresh/Info.plist;
				LD_RUNPATH_SEARCH_PATHS = "$(inherited) @executable_path/Frameworks";
				PRODUCT_BUNDLE_IDENTIFIER = com.practicaldemo.yumin8312.PulltoRefresh;
				PRODUCT_NAME = "$(TARGET_NAME)";
				SWIFT_VERSION = 3.0;
			};
			name = Debug;
		};
		7E02D3281DAE13C9008A01B9 /* Release */ = {
			isa = XCBuildConfiguration;
			buildSettings = {
				ASSETCATALOG_COMPILER_APPICON_NAME = AppIcon;
				INFOPLIST_FILE = PulltoRefresh/Info.plist;
				LD_RUNPATH_SEARCH_PATHS = "$(inherited) @executable_path/Frameworks";
				PRODUCT_BUNDLE_IDENTIFIER = com.practicaldemo.yumin8312.PulltoRefresh;
				PRODUCT_NAME = "$(TARGET_NAME)";
				SWIFT_VERSION = 3.0;
			};
			name = Release;
		};
/* End XCBuildConfiguration section */

/* Begin XCConfigurationList section */
		7E02D30F1DAE13C8008A01B9 /* Build configuration list for PBXProject "PulltoRefresh" */ = {
			isa = XCConfigurationList;
			buildConfigurations = (
				7E02D3241DAE13C9008A01B9 /* Debug */,
				7E02D3251DAE13C9008A01B9 /* Release */,
			);
			defaultConfigurationIsVisible = 0;
			defaultConfigurationName = Release;
		};
		7E02D3261DAE13C9008A01B9 /* Build configuration list for PBXNativeTarget "PulltoRefresh" */ = {
			isa = XCConfigurationList;
			buildConfigurations = (
				7E02D3271DAE13C9008A01B9 /* Debug */,
				7E02D3281DAE13C9008A01B9 /* Release */,
			);
			defaultConfigurationIsVisible = 0;
		};
/* End XCConfigurationList section */
	};
	rootObject = 7E02D30C1DAE13C8008A01B9 /* Project object */;
}
