// !$*UTF8*$!
{
	archiveVersion = 1;
	classes = {
	};
	objectVersion = 46;
	objects = {

/* Begin PBXBuildFile section */
		7EF1BEBC1DA36E6800A0F687 /* AppDelegate.swift in Sources */ = {isa = PBXBuildFile; fileRef = 7EF1BEBB1DA36E6800A0F687 /* AppDelegate.swift */; };
		7EF1BEBE1DA36E6800A0F687 /* ViewController.swift in Sources */ = {isa = PBXBuildFile; fileRef = 7EF1BEBD1DA36E6800A0F687 /* ViewController.swift */; };
		7EF1BEC11DA36E6800A0F687 /* Main.storyboard in Resources */ = {isa = PBXBuildFile; fileRef = 7EF1BEBF1DA36E6800A0F687 /* Main.storyboard */; };
		7EF1BEC31DA36E6800A0F687 /* Assets.xcassets in Resources */ = {isa = PBXBuildFile; fileRef = 7EF1BEC21DA36E6800A0F687 /* Assets.xcassets */; };
		7EF1BEC61DA36E6800A0F687 /* LaunchScreen.storyboard in Resources */ = {isa = PBXBuildFile; fileRef = 7EF1BEC41DA36E6800A0F687 /* LaunchScreen.storyboard */; };
/* End PBXBuildFile section */

/* Begin PBXFileReference section */
		7E3297A51DA374CA00BBDABF /* searchController-Bridging-Header.h */ = {isa = PBXFileReference; lastKnownFileType = sourcecode.c.h; path = "searchController-Bridging-Header.h"; sourceTree = "<group>"; };
		7EF1BEB81DA36E6800A0F687 /* searchController.app */ = {isa = PBXFileReference; explicitFileType = wrapper.application; includeInIndex = 0; path = searchController.app; sourceTree = BUILT_PRODUCTS_DIR; };
		7EF1BEBB1DA36E6800A0F687 /* AppDelegate.swift */ = {isa = PBXFileReference; lastKnownFileType = sourcecode.swift; path = AppDelegate.swift; sourceTree = "<group>"; };
		7EF1BEBD1DA36E6800A0F687 /* ViewController.swift */ = {isa = PBXFileReference; lastKnownFileType = sourcecode.swift; path = ViewController.swift; sourceTree = "<group>"; };
		7EF1BEC01DA36E6800A0F687 /* Base */ = {isa = PBXFileReference; lastKnownFileType = file.storyboard; name = Base; path = Base.lproj/Main.storyboard; sourceTree = "<group>"; };
		7EF1BEC21DA36E6800A0F687 /* Assets.xcassets */ = {isa = PBXFileReference; lastKnownFileType = folder.assetcatalog; path = Assets.xcassets; sourceTree = "<group>"; };
		7EF1BEC51DA36E6800A0F687 /* Base */ = {isa = PBXFileReference; lastKnownFileType = file.storyboard; name = Base; path = Base.lproj/LaunchScreen.storyboard; sourceTree = "<group>"; };
		7EF1BEC71DA36E6800A0F687 /* Info.plist */ = {isa = PBXFileReference; lastKnownFileType = text.plist.xml; path = Info.plist; sourceTree = "<group>"; };
/* End PBXFileReference section */

/* Begin PBXFrameworksBuildPhase section */
		7EF1BEB51DA36E6800A0F687 /* Frameworks */ = {
			isa = PBXFrameworksBuildPhase;
			buildActionMask = 2147483647;
			files = (
			);
			runOnlyForDeploymentPostprocessing = 0;
		};
/* End PBXFrameworksBuildPhase section */

/* Begin PBXGroup section */
		7EF1BEAF1DA36E6800A0F687 = {
			isa = PBXGroup;
			children = (
				7EF1BEBA1DA36E6800A0F687 /* searchController */,
				7EF1BEB91DA36E6800A0F687 /* Products */,
			);
			sourceTree = "<group>";
		};
		7EF1BEB91DA36E6800A0F687 /* Products */ = {
			isa = PBXGroup;
			children = (
				7EF1BEB81DA36E6800A0F687 /* searchController.app */,
			);
			name = Products;
			sourceTree = "<group>";
		};
		7EF1BEBA1DA36E6800A0F687 /* searchController */ = {
			isa = PBXGroup;
			children = (
				7EF1BEBB1DA36E6800A0F687 /* AppDelegate.swift */,
				7EF1BEBD1DA36E6800A0F687 /* ViewController.swift */,
				7EF1BEBF1DA36E6800A0F687 /* Main.storyboard */,
				7EF1BEC21DA36E6800A0F687 /* Assets.xcassets */,
				7EF1BEC41DA36E6800A0F687 /* LaunchScreen.storyboard */,
				7EF1BEC71DA36E6800A0F687 /* Info.plist */,
				7E3297A51DA374CA00BBDABF /* searchController-Bridging-Header.h */,
			);
			path = searchController;
			sourceTree = "<group>";
		};
/* End PBXGroup section */

/* Begin PBXNativeTarget section */
		7EF1BEB71DA36E6800A0F687 /* searchController */ = {
			isa = PBXNativeTarget;
			buildConfigurationList = 7EF1BECA1DA36E6800A0F687 /* Build configuration list for PBXNativeTarget "searchController" */;
			buildPhases = (
				7EF1BEB41DA36E6800A0F687 /* Sources */,
				7EF1BEB51DA36E6800A0F687 /* Frameworks */,
				7EF1BEB61DA36E6800A0F687 /* Resources */,
			);
			buildRules = (
			);
			dependencies = (
			);
			name = searchController;
			productName = searchController;
			productReference = 7EF1BEB81DA36E6800A0F687 /* searchController.app */;
			productType = "com.apple.product-type.application";
		};
/* End PBXNativeTarget section */

/* Begin PBXProject section */
		7EF1BEB01DA36E6800A0F687 /* Project object */ = {
			isa = PBXProject;
			attributes = {
				LastSwiftUpdateCheck = 0800;
				LastUpgradeCheck = 0800;
				ORGANIZATIONNAME = yumin;
				TargetAttributes = {
					7EF1BEB71DA36E6800A0F687 = {
						CreatedOnToolsVersion = 8.0;
						ProvisioningStyle = Automatic;
					};
				};
			};
			buildConfigurationList = 7EF1BEB31DA36E6800A0F687 /* Build configuration list for PBXProject "searchController" */;
			compatibilityVersion = "Xcode 3.2";
			developmentRegion = English;
			hasScannedForEncodings = 0;
			knownRegions = (
				en,
				Base,
			);
			mainGroup = 7EF1BEAF1DA36E6800A0F687;
			productRefGroup = 7EF1BEB91DA36E6800A0F687 /* Products */;
			projectDirPath = "";
			projectRoot = "";
			targets = (
				7EF1BEB71DA36E6800A0F687 /* searchController */,
			);
		};
/* End PBXProject section */

/* Begin PBXResourcesBuildPhase section */
		7EF1BEB61DA36E6800A0F687 /* Resources */ = {
			isa = PBXResourcesBuildPhase;
			buildActionMask = 2147483647;
			files = (
				7EF1BEC61DA36E6800A0F687 /* LaunchScreen.storyboard in Resources */,
				7EF1BEC31DA36E6800A0F687 /* Assets.xcassets in Resources */,
				7EF1BEC11DA36E6800A0F687 /* Main.storyboard in Resources */,
			);
			runOnlyForDeploymentPostprocessing = 0;
		};
/* End PBXResourcesBuildPhase section */

/* Begin PBXSourcesBuildPhase section */
		7EF1BEB41DA36E6800A0F687 /* Sources */ = {
			isa = PBXSourcesBuildPhase;
			buildActionMask = 2147483647;
			files = (
				7EF1BEBE1DA36E6800A0F687 /* ViewController.swift in Sources */,
				7EF1BEBC1DA36E6800A0F687 /* AppDelegate.swift in Sources */,
			);
			runOnlyForDeploymentPostprocessing = 0;
		};
/* End PBXSourcesBuildPhase section */

/* Begin PBXVariantGroup section */
		7EF1BEBF1DA36E6800A0F687 /* Main.storyboard */ = {
			isa = PBXVariantGroup;
			children = (
				7EF1BEC01DA36E6800A0F687 /* Base */,
			);
			name = Main.storyboard;
			sourceTree = "<group>";
		};
		7EF1BEC41DA36E6800A0F687 /* LaunchScreen.storyboard */ = {
			isa = PBXVariantGroup;
			children = (
				7EF1BEC51DA36E6800A0F687 /* Base */,
			);
			name = LaunchScreen.storyboard;
			sourceTree = "<group>";
		};
/* End PBXVariantGroup section */

/* Begin XCBuildConfiguration section */
		7EF1BEC81DA36E6800A0F687 /* Debug */ = {
			isa = XCBuildConfiguration;
			buildSettings = {
				ALWAYS_SEARCH_USER_PATHS = NO;
				CLANG_ANALYZER_NONNULL = YES;
				CLANG_CXX_LANGUAGE_STANDARD = "gnu++0x";
				CLANG_CXX_LIBRARY = "libc++";
				CLANG_ENABLE_MODULES = YES;
				CLANG_ENABLE_OBJC_ARC = YES;
				CLANG_WARN_BOOL_CONVERSION = YES;
				CLANG_WARN_CONSTANT_CONVERSION = YES;
				CLANG_WARN_DIRECT_OBJC_ISA_USAGE = YES_ERROR;
				CLANG_WARN_DOCUMENTATION_COMMENTS = YES;
				CLANG_WARN_EMPTY_BODY = YES;
				CLANG_WARN_ENUM_CONVERSION = YES;
				CLANG_WARN_INFINITE_RECURSION = YES;
				CLANG_WARN_INT_CONVERSION = YES;
				CLANG_WARN_OBJC_ROOT_CLASS = YES_ERROR;
				CLANG_WARN_SUSPICIOUS_MOVES = YES;
				CLANG_WARN_UNREACHABLE_CODE = YES;
				CLANG_WARN__DUPLICATE_METHOD_MATCH = YES;
				"CODE_SIGN_IDENTITY[sdk=iphoneos*]" = "iPhone Developer";
				COPY_PHASE_STRIP = NO;
				DEBUG_INFORMATION_FORMAT = dwarf;
				ENABLE_STRICT_OBJC_MSGSEND = YES;
				ENABLE_TESTABILITY = YES;
				GCC_C_LANGUAGE_STANDARD = gnu99;
				GCC_DYNAMIC_NO_PIC = NO;
				GCC_NO_COMMON_BLOCKS = YES;
				GCC_OPTIMIZATION_LEVEL = 0;
				GCC_PREPROCESSOR_DEFINITIONS = (
					"DEBUG=1",
					"$(inherited)",
				);
				GCC_WARN_64_TO_32_BIT_CONVERSION = YES;
				GCC_WARN_ABOUT_RETURN_TYPE = YES_ERROR;
				GCC_WARN_UNDECLARED_SELECTOR = YES;
				GCC_WARN_UNINITIALIZED_AUTOS = YES_AGGRESSIVE;
				GCC_WARN_UNUSED_FUNCTION = YES;
				GCC_WARN_UNUSED_VARIABLE = YES;
				IPHONEOS_DEPLOYMENT_TARGET = 10.0;
				MTL_ENABLE_DEBUG_INFO = YES;
				ONLY_ACTIVE_ARCH = YES;
				SDKROOT = iphoneos;
				SWIFT_ACTIVE_COMPILATION_CONDITIONS = DEBUG;
				SWIFT_OPTIMIZATION_LEVEL = "-Onone";
				TARGETED_DEVICE_FAMILY = "1,2";
			};
			name = Debug;
		};
		7EF1BEC91DA36E6800A0F687 /* Release */ = {
			isa = XCBuildConfiguration;
			buildSettings = {
				ALWAYS_SEARCH_USER_PATHS = NO;
				CLANG_ANALYZER_NONNULL = YES;
				CLANG_CXX_LANGUAGE_STANDARD = "gnu++0x";
				CLANG_CXX_LIBRARY = "libc++";
				CLANG_ENABLE_MODULES = YES;
				CLANG_ENABLE_OBJC_ARC = YES;
				CLANG_WARN_BOOL_CONVERSION = YES;
				CLANG_WARN_CONSTANT_CONVERSION = YES;
				CLANG_WARN_DIRECT_OBJC_ISA_USAGE = YES_ERROR;
				CLANG_WARN_DOCUMENTATION_COMMENTS = YES;
				CLANG_WARN_EMPTY_BODY = YES;
				CLANG_WARN_ENUM_CONVERSION = YES;
				CLANG_WARN_INFINITE_RECURSION = YES;
				CLANG_WARN_INT_CONVERSION = YES;
				CLANG_WARN_OBJC_ROOT_CLASS = YES_ERROR;
				CLANG_WARN_SUSPICIOUS_MOVES = YES;
				CLANG_WARN_UNREACHABLE_CODE = YES;
				CLANG_WARN__DUPLICATE_METHOD_MATCH = YES;
				"CODE_SIGN_IDENTITY[sdk=iphoneos*]" = "iPhone Developer";
				COPY_PHASE_STRIP = NO;
				DEBUG_INFORMATION_FORMAT = "dwarf-with-dsym";
				ENABLE_NS_ASSERTIONS = NO;
				ENABLE_STRICT_OBJC_MSGSEND = YES;
				GCC_C_LANGUAGE_STANDARD = gnu99;
				GCC_NO_COMMON_BLOCKS = YES;
				GCC_WARN_64_TO_32_BIT_CONVERSION = YES;
				GCC_WARN_ABOUT_RETURN_TYPE = YES_ERROR;
				GCC_WARN_UNDECLARED_SELECTOR = YES;
				GCC_WARN_UNINITIALIZED_AUTOS = YES_AGGRESSIVE;
				GCC_WARN_UNUSED_FUNCTION = YES;
				GCC_WARN_UNUSED_VARIABLE = YES;
				IPHONEOS_DEPLOYMENT_TARGET = 10.0;
				MTL_ENABLE_DEBUG_INFO = NO;
				SDKROOT = iphoneos;
				SWIFT_OPTIMIZATION_LEVEL = "-Owholemodule";
				TARGETED_DEVICE_FAMILY = "1,2";
				VALIDATE_PRODUCT = YES;
			};
			name = Release;
		};
		7EF1BECB1DA36E6800A0F687 /* Debug */ = {
			isa = XCBuildConfiguration;
			buildSettings = {
				ASSETCATALOG_COMPILER_APPICON_NAME = AppIcon;
				INFOPLIST_FILE = searchController/Info.plist;
				LD_RUNPATH_SEARCH_PATHS = "$(inherited) @executable_path/Frameworks";
				PRODUCT_BUNDLE_IDENTIFIER = com.practicaldemo.yumin8312.searchController;
				PRODUCT_NAME = "$(TARGET_NAME)";
				SWIFT_VERSION = 3.0;
			};
			name = Debug;
		};
		7EF1BECC1DA36E6800A0F687 /* Release */ = {
			isa = XCBuildConfiguration;
			buildSettings = {
				ASSETCATALOG_COMPILER_APPICON_NAME = AppIcon;
				INFOPLIST_FILE = searchController/Info.plist;
				LD_RUNPATH_SEARCH_PATHS = "$(inherited) @executable_path/Frameworks";
				PRODUCT_BUNDLE_IDENTIFIER = com.practicaldemo.yumin8312.searchController;
				PRODUCT_NAME = "$(TARGET_NAME)";
				SWIFT_VERSION = 3.0;
			};
			name = Release;
		};
/* End XCBuildConfiguration section */

/* Begin XCConfigurationList section */
		7EF1BEB31DA36E6800A0F687 /* Build configuration list for PBXProject "searchController" */ = {
			isa = XCConfigurationList;
			buildConfigurations = (
				7EF1BEC81DA36E6800A0F687 /* Debug */,
				7EF1BEC91DA36E6800A0F687 /* Release */,
			);
			defaultConfigurationIsVisible = 0;
			defaultConfigurationName = Release;
		};
		7EF1BECA1DA36E6800A0F687 /* Build configuration list for PBXNativeTarget "searchController" */ = {
			isa = XCConfigurationList;
			buildConfigurations = (
				7EF1BECB1DA36E6800A0F687 /* Debug */,
				7EF1BECC1DA36E6800A0F687 /* Release */,
			);
			defaultConfigurationIsVisible = 0;
			defaultConfigurationName = Release;
		};
/* End XCConfigurationList section */
	};
	rootObject = 7EF1BEB01DA36E6800A0F687 /* Project object */;
}
