// !$*UTF8*$!
{
	archiveVersion = 1;
	classes = {
	};
	objectVersion = 46;
	objects = {

/* Begin PBXBuildFile section */
		7EA855601DA537E4000A1EC8 /* AppDelegate.swift in Sources */ = {isa = PBXBuildFile; fileRef = 7EA8555F1DA537E4000A1EC8 /* AppDelegate.swift */; };
		7EA855621DA537E4000A1EC8 /* ViewController.swift in Sources */ = {isa = PBXBuildFile; fileRef = 7EA855611DA537E4000A1EC8 /* ViewController.swift */; };
		7EA855651DA537E4000A1EC8 /* Main.storyboard in Resources */ = {isa = PBXBuildFile; fileRef = 7EA855631DA537E4000A1EC8 /* Main.storyboard */; };
		7EA855671DA537E4000A1EC8 /* Assets.xcassets in Resources */ = {isa = PBXBuildFile; fileRef = 7EA855661DA537E4000A1EC8 /* Assets.xcassets */; };
		7EA8556A1DA537E4000A1EC8 /* LaunchScreen.storyboard in Resources */ = {isa = PBXBuildFile; fileRef = 7EA855681DA537E4000A1EC8 /* LaunchScreen.storyboard */; };
		7EA855721DA620E3000A1EC8 /* imageTableViewController.swift in Sources */ = {isa = PBXBuildFile; fileRef = 7EA855711DA620E3000A1EC8 /* imageTableViewController.swift */; };
		7EA855741DA6227F000A1EC8 /* imageTableViewCell.swift in Sources */ = {isa = PBXBuildFile; fileRef = 7EA855731DA6227F000A1EC8 /* imageTableViewCell.swift */; };
		7EA855761DA62522000A1EC8 /* moreTableViewController.swift in Sources */ = {isa = PBXBuildFile; fileRef = 7EA855751DA62522000A1EC8 /* moreTableViewController.swift */; };
		7EA855781DA6252F000A1EC8 /* moreTableViewCell.swift in Sources */ = {isa = PBXBuildFile; fileRef = 7EA855771DA6252F000A1EC8 /* moreTableViewCell.swift */; };
/* End PBXBuildFile section */

/* Begin PBXFileReference section */
		7EA8555C1DA537E4000A1EC8 /* TabBarController.app */ = {isa = PBXFileReference; explicitFileType = wrapper.application; includeInIndex = 0; path = TabBarController.app; sourceTree = BUILT_PRODUCTS_DIR; };
		7EA8555F1DA537E4000A1EC8 /* AppDelegate.swift */ = {isa = PBXFileReference; lastKnownFileType = sourcecode.swift; path = AppDelegate.swift; sourceTree = "<group>"; };
		7EA855611DA537E4000A1EC8 /* ViewController.swift */ = {isa = PBXFileReference; lastKnownFileType = sourcecode.swift; path = ViewController.swift; sourceTree = "<group>"; };
		7EA855641DA537E4000A1EC8 /* Base */ = {isa = PBXFileReference; lastKnownFileType = file.storyboard; name = Base; path = Base.lproj/Main.storyboard; sourceTree = "<group>"; };
		7EA855661DA537E4000A1EC8 /* Assets.xcassets */ = {isa = PBXFileReference; lastKnownFileType = folder.assetcatalog; path = Assets.xcassets; sourceTree = "<group>"; };
		7EA855691DA537E4000A1EC8 /* Base */ = {isa = PBXFileReference; lastKnownFileType = file.storyboard; name = Base; path = Base.lproj/LaunchScreen.storyboard; sourceTree = "<group>"; };
		7EA8556B1DA537E4000A1EC8 /* Info.plist */ = {isa = PBXFileReference; lastKnownFileType = text.plist.xml; path = Info.plist; sourceTree = "<group>"; };
		7EA855711DA620E3000A1EC8 /* imageTableViewController.swift */ = {isa = PBXFileReference; fileEncoding = 4; lastKnownFileType = sourcecode.swift; path = imageTableViewController.swift; sourceTree = "<group>"; };
		7EA855731DA6227F000A1EC8 /* imageTableViewCell.swift */ = {isa = PBXFileReference; fileEncoding = 4; lastKnownFileType = sourcecode.swift; path = imageTableViewCell.swift; sourceTree = "<group>"; };
		7EA855751DA62522000A1EC8 /* moreTableViewController.swift */ = {isa = PBXFileReference; fileEncoding = 4; lastKnownFileType = sourcecode.swift; path = moreTableViewController.swift; sourceTree = "<group>"; };
		7EA855771DA6252F000A1EC8 /* moreTableViewCell.swift */ = {isa = PBXFileReference; fileEncoding = 4; lastKnownFileType = sourcecode.swift; path = moreTableViewCell.swift; sourceTree = "<group>"; };
/* End PBXFileReference section */

/* Begin PBXFrameworksBuildPhase section */
		7EA855591DA537E4000A1EC8 /* Frameworks */ = {
			isa = PBXFrameworksBuildPhase;
			buildActionMask = 2147483647;
			files = (
			);
			runOnlyForDeploymentPostprocessing = 0;
		};
/* End PBXFrameworksBuildPhase section */

/* Begin PBXGroup section */
		7EA855531DA537E4000A1EC8 = {
			isa = PBXGroup;
			children = (
				7EA8555E1DA537E4000A1EC8 /* TabBarController */,
				7EA8555D1DA537E4000A1EC8 /* Products */,
			);
			sourceTree = "<group>";
		};
		7EA8555D1DA537E4000A1EC8 /* Products */ = {
			isa = PBXGroup;
			children = (
				7EA8555C1DA537E4000A1EC8 /* TabBarController.app */,
			);
			name = Products;
			sourceTree = "<group>";
		};
		7EA8555E1DA537E4000A1EC8 /* TabBarController */ = {
			isa = PBXGroup;
			children = (
				7EA8555F1DA537E4000A1EC8 /* AppDelegate.swift */,
				7EA855611DA537E4000A1EC8 /* ViewController.swift */,
				7EA855631DA537E4000A1EC8 /* Main.storyboard */,
				7EA855661DA537E4000A1EC8 /* Assets.xcassets */,
				7EA855681DA537E4000A1EC8 /* LaunchScreen.storyboard */,
				7EA8556B1DA537E4000A1EC8 /* Info.plist */,
				7EA855711DA620E3000A1EC8 /* imageTableViewController.swift */,
				7EA855731DA6227F000A1EC8 /* imageTableViewCell.swift */,
				7EA855751DA62522000A1EC8 /* moreTableViewController.swift */,
				7EA855771DA6252F000A1EC8 /* moreTableViewCell.swift */,
			);
			path = TabBarController;
			sourceTree = "<group>";
		};
/* End PBXGroup section */

/* Begin PBXNativeTarget section */
		7EA8555B1DA537E4000A1EC8 /* TabBarController */ = {
			isa = PBXNativeTarget;
			buildConfigurationList = 7EA8556E1DA537E4000A1EC8 /* Build configuration list for PBXNativeTarget "TabBarController" */;
			buildPhases = (
				7EA855581DA537E4000A1EC8 /* Sources */,
				7EA855591DA537E4000A1EC8 /* Frameworks */,
				7EA8555A1DA537E4000A1EC8 /* Resources */,
			);
			buildRules = (
			);
			dependencies = (
			);
			name = TabBarController;
			productName = TabBarController;
			productReference = 7EA8555C1DA537E4000A1EC8 /* TabBarController.app */;
			productType = "com.apple.product-type.application";
		};
/* End PBXNativeTarget section */

/* Begin PBXProject section */
		7EA855541DA537E4000A1EC8 /* Project object */ = {
			isa = PBXProject;
			attributes = {
				LastSwiftUpdateCheck = 0800;
				LastUpgradeCheck = 0800;
				ORGANIZATIONNAME = yumin;
				TargetAttributes = {
					7EA8555B1DA537E4000A1EC8 = {
						CreatedOnToolsVersion = 8.0;
						ProvisioningStyle = Automatic;
					};
				};
			};
			buildConfigurationList = 7EA855571DA537E4000A1EC8 /* Build configuration list for PBXProject "TabBarController" */;
			compatibilityVersion = "Xcode 3.2";
			developmentRegion = English;
			hasScannedForEncodings = 0;
			knownRegions = (
				en,
				Base,
			);
			mainGroup = 7EA855531DA537E4000A1EC8;
			productRefGroup = 7EA8555D1DA537E4000A1EC8 /* Products */;
			projectDirPath = "";
			projectRoot = "";
			targets = (
				7EA8555B1DA537E4000A1EC8 /* TabBarController */,
			);
		};
/* End PBXProject section */

/* Begin PBXResourcesBuildPhase section */
		7EA8555A1DA537E4000A1EC8 /* Resources */ = {
			isa = PBXResourcesBuildPhase;
			buildActionMask = 2147483647;
			files = (
				7EA8556A1DA537E4000A1EC8 /* LaunchScreen.storyboard in Resources */,
				7EA855671DA537E4000A1EC8 /* Assets.xcassets in Resources */,
				7EA855651DA537E4000A1EC8 /* Main.storyboard in Resources */,
			);
			runOnlyForDeploymentPostprocessing = 0;
		};
/* End PBXResourcesBuildPhase section */

/* Begin PBXSourcesBuildPhase section */
		7EA855581DA537E4000A1EC8 /* Sources */ = {
			isa = PBXSourcesBuildPhase;
			buildActionMask = 2147483647;
			files = (
				7EA855721DA620E3000A1EC8 /* imageTableViewController.swift in Sources */,
				7EA855761DA62522000A1EC8 /* moreTableViewController.swift in Sources */,
				7EA855781DA6252F000A1EC8 /* moreTableViewCell.swift in Sources */,
				7EA855741DA6227F000A1EC8 /* imageTableViewCell.swift in Sources */,
				7EA855621DA537E4000A1EC8 /* ViewController.swift in Sources */,
				7EA855601DA537E4000A1EC8 /* AppDelegate.swift in Sources */,
			);
			runOnlyForDeploymentPostprocessing = 0;
		};
/* End PBXSourcesBuildPhase section */

/* Begin PBXVariantGroup section */
		7EA855631DA537E4000A1EC8 /* Main.storyboard */ = {
			isa = PBXVariantGroup;
			children = (
				7EA855641DA537E4000A1EC8 /* Base */,
			);
			name = Main.storyboard;
			sourceTree = "<group>";
		};
		7EA855681DA537E4000A1EC8 /* LaunchScreen.storyboard */ = {
			isa = PBXVariantGroup;
			children = (
				7EA855691DA537E4000A1EC8 /* Base */,
			);
			name = LaunchScreen.storyboard;
			sourceTree = "<group>";
		};
/* End PBXVariantGroup section */

/* Begin XCBuildConfiguration section */
		7EA8556C1DA537E4000A1EC8 /* Debug */ = {
			isa = XCBuildConfiguration;
			buildSettings = {
				ALWAYS_SEARCH_USER_PATHS = NO;
				CLANG_ANALYZER_NONNULL = YES;
				CLANG_CXX_LANGUAGE_STANDARD = "gnu++0x";
				CLANG_CXX_LIBRARY = "libc++";
				CLANG_ENABLE_MODULES = YES;
				CLANG_ENABLE_OBJC_ARC = YES;
				CLANG_WARN_BOOL_CONVERSION = YES;
				CLANG_WARN_CONSTANT_CONVERSION = YES;
				CLANG_WARN_DIRECT_OBJC_ISA_USAGE = YES_ERROR;
				CLANG_WARN_DOCUMENTATION_COMMENTS = YES;
				CLANG_WARN_EMPTY_BODY = YES;
				CLANG_WARN_ENUM_CONVERSION = YES;
				CLANG_WARN_INFINITE_RECURSION = YES;
				CLANG_WARN_INT_CONVERSION = YES;
				CLANG_WARN_OBJC_ROOT_CLASS = YES_ERROR;
				CLANG_WARN_SUSPICIOUS_MOVES = YES;
				CLANG_WARN_UNREACHABLE_CODE = YES;
				CLANG_WARN__DUPLICATE_METHOD_MATCH = YES;
				"CODE_SIGN_IDENTITY[sdk=iphoneos*]" = "iPhone Developer";
				COPY_PHASE_STRIP = NO;
				DEBUG_INFORMATION_FORMAT = dwarf;
				ENABLE_STRICT_OBJC_MSGSEND = YES;
				ENABLE_TESTABILITY = YES;
				GCC_C_LANGUAGE_STANDARD = gnu99;
				GCC_DYNAMIC_NO_PIC = NO;
				GCC_NO_COMMON_BLOCKS = YES;
				GCC_OPTIMIZATION_LEVEL = 0;
				GCC_PREPROCESSOR_DEFINITIONS = (
					"DEBUG=1",
					"$(inherited)",
				);
				GCC_WARN_64_TO_32_BIT_CONVERSION = YES;
				GCC_WARN_ABOUT_RETURN_TYPE = YES_ERROR;
				GCC_WARN_UNDECLARED_SELECTOR = YES;
				GCC_WARN_UNINITIALIZED_AUTOS = YES_AGGRESSIVE;
				GCC_WARN_UNUSED_FUNCTION = YES;
				GCC_WARN_UNUSED_VARIABLE = YES;
				IPHONEOS_DEPLOYMENT_TARGET = 10.0;
				MTL_ENABLE_DEBUG_INFO = YES;
				ONLY_ACTIVE_ARCH = YES;
				SDKROOT = iphoneos;
				SWIFT_ACTIVE_COMPILATION_CONDITIONS = DEBUG;
				SWIFT_OPTIMIZATION_LEVEL = "-Onone";
				TARGETED_DEVICE_FAMILY = "1,2";
			};
			name = Debug;
		};
		7EA8556D1DA537E4000A1EC8 /* Release */ = {
			isa = XCBuildConfiguration;
			buildSettings = {
				ALWAYS_SEARCH_USER_PATHS = NO;
				CLANG_ANALYZER_NONNULL = YES;
				CLANG_CXX_LANGUAGE_STANDARD = "gnu++0x";
				CLANG_CXX_LIBRARY = "libc++";
				CLANG_ENABLE_MODULES = YES;
				CLANG_ENABLE_OBJC_ARC = YES;
				CLANG_WARN_BOOL_CONVERSION = YES;
				CLANG_WARN_CONSTANT_CONVERSION = YES;
				CLANG_WARN_DIRECT_OBJC_ISA_USAGE = YES_ERROR;
				CLANG_WARN_DOCUMENTATION_COMMENTS = YES;
				CLANG_WARN_EMPTY_BODY = YES;
				CLANG_WARN_ENUM_CONVERSION = YES;
				CLANG_WARN_INFINITE_RECURSION = YES;
				CLANG_WARN_INT_CONVERSION = YES;
				CLANG_WARN_OBJC_ROOT_CLASS = YES_ERROR;
				CLANG_WARN_SUSPICIOUS_MOVES = YES;
				CLANG_WARN_UNREACHABLE_CODE = YES;
				CLANG_WARN__DUPLICATE_METHOD_MATCH = YES;
				"CODE_SIGN_IDENTITY[sdk=iphoneos*]" = "iPhone Developer";
				COPY_PHASE_STRIP = NO;
				DEBUG_INFORMATION_FORMAT = "dwarf-with-dsym";
				ENABLE_NS_ASSERTIONS = NO;
				ENABLE_STRICT_OBJC_MSGSEND = YES;
				GCC_C_LANGUAGE_STANDARD = gnu99;
				GCC_NO_COMMON_BLOCKS = YES;
				GCC_WARN_64_TO_32_BIT_CONVERSION = YES;
				GCC_WARN_ABOUT_RETURN_TYPE = YES_ERROR;
				GCC_WARN_UNDECLARED_SELECTOR = YES;
				GCC_WARN_UNINITIALIZED_AUTOS = YES_AGGRESSIVE;
				GCC_WARN_UNUSED_FUNCTION = YES;
				GCC_WARN_UNUSED_VARIABLE = YES;
				IPHONEOS_DEPLOYMENT_TARGET = 10.0;
				MTL_ENABLE_DEBUG_INFO = NO;
				SDKROOT = iphoneos;
				SWIFT_OPTIMIZATION_LEVEL = "-Owholemodule";
				TARGETED_DEVICE_FAMILY = "1,2";
				VALIDATE_PRODUCT = YES;
			};
			name = Release;
		};
		7EA8556F1DA537E4000A1EC8 /* Debug */ = {
			isa = XCBuildConfiguration;
			buildSettings = {
				ASSETCATALOG_COMPILER_APPICON_NAME = AppIcon;
				INFOPLIST_FILE = TabBarController/Info.plist;
				LD_RUNPATH_SEARCH_PATHS = "$(inherited) @executable_path/Frameworks";
				PRODUCT_BUNDLE_IDENTIFIER = com.practicaldemo.yumin8312.TabBarController;
				PRODUCT_NAME = "$(TARGET_NAME)";
				SWIFT_VERSION = 3.0;
			};
			name = Debug;
		};
		7EA855701DA537E4000A1EC8 /* Release */ = {
			isa = XCBuildConfiguration;
			buildSettings = {
				ASSETCATALOG_COMPILER_APPICON_NAME = AppIcon;
				INFOPLIST_FILE = TabBarController/Info.plist;
				LD_RUNPATH_SEARCH_PATHS = "$(inherited) @executable_path/Frameworks";
				PRODUCT_BUNDLE_IDENTIFIER = com.practicaldemo.yumin8312.TabBarController;
				PRODUCT_NAME = "$(TARGET_NAME)";
				SWIFT_VERSION = 3.0;
			};
			name = Release;
		};
/* End XCBuildConfiguration section */

/* Begin XCConfigurationList section */
		7EA855571DA537E4000A1EC8 /* Build configuration list for PBXProject "TabBarController" */ = {
			isa = XCConfigurationList;
			buildConfigurations = (
				7EA8556C1DA537E4000A1EC8 /* Debug */,
				7EA8556D1DA537E4000A1EC8 /* Release */,
			);
			defaultConfigurationIsVisible = 0;
			defaultConfigurationName = Release;
		};
		7EA8556E1DA537E4000A1EC8 /* Build configuration list for PBXNativeTarget "TabBarController" */ = {
			isa = XCConfigurationList;
			buildConfigurations = (
				7EA8556F1DA537E4000A1EC8 /* Debug */,
				7EA855701DA537E4000A1EC8 /* Release */,
			);
			defaultConfigurationIsVisible = 0;
		};
/* End XCConfigurationList section */
	};
	rootObject = 7EA855541DA537E4000A1EC8 /* Project object */;
}
