// !$*UTF8*$!
{
	archiveVersion = 1;
	classes = {
	};
	objectVersion = 46;
	objects = {

/* Begin PBXBuildFile section */
		7E01103E1D8D8611002D401C /* AppDelegate.swift in Sources */ = {isa = PBXBuildFile; fileRef = 7E01103D1D8D8611002D401C /* AppDelegate.swift */; };
		7E0110431D8D8611002D401C /* Main.storyboard in Resources */ = {isa = PBXBuildFile; fileRef = 7E0110411D8D8611002D401C /* Main.storyboard */; };
		7E0110451D8D8611002D401C /* Assets.xcassets in Resources */ = {isa = PBXBuildFile; fileRef = 7E0110441D8D8611002D401C /* Assets.xcassets */; };
		7E0110481D8D8611002D401C /* LaunchScreen.storyboard in Resources */ = {isa = PBXBuildFile; fileRef = 7E0110461D8D8611002D401C /* LaunchScreen.storyboard */; };
		7E0110501D8D8674002D401C /* swipeCellTableViewController.swift in Sources */ = {isa = PBXBuildFile; fileRef = 7E01104F1D8D8674002D401C /* swipeCellTableViewController.swift */; };
		7E0110521D8D8806002D401C /* swipeCellTableViewCell.swift in Sources */ = {isa = PBXBuildFile; fileRef = 7E0110511D8D8806002D401C /* swipeCellTableViewCell.swift */; };
/* End PBXBuildFile section */

/* Begin PBXFileReference section */
		7E01103A1D8D8611002D401C /* swipeableCell.app */ = {isa = PBXFileReference; explicitFileType = wrapper.application; includeInIndex = 0; path = swipeableCell.app; sourceTree = BUILT_PRODUCTS_DIR; };
		7E01103D1D8D8611002D401C /* AppDelegate.swift */ = {isa = PBXFileReference; lastKnownFileType = sourcecode.swift; path = AppDelegate.swift; sourceTree = "<group>"; };
		7E0110421D8D8611002D401C /* Base */ = {isa = PBXFileReference; lastKnownFileType = file.storyboard; name = Base; path = Base.lproj/Main.storyboard; sourceTree = "<group>"; };
		7E0110441D8D8611002D401C /* Assets.xcassets */ = {isa = PBXFileReference; lastKnownFileType = folder.assetcatalog; path = Assets.xcassets; sourceTree = "<group>"; };
		7E0110471D8D8611002D401C /* Base */ = {isa = PBXFileReference; lastKnownFileType = file.storyboard; name = Base; path = Base.lproj/LaunchScreen.storyboard; sourceTree = "<group>"; };
		7E0110491D8D8611002D401C /* Info.plist */ = {isa = PBXFileReference; lastKnownFileType = text.plist.xml; path = Info.plist; sourceTree = "<group>"; };
		7E01104F1D8D8674002D401C /* swipeCellTableViewController.swift */ = {isa = PBXFileReference; fileEncoding = 4; lastKnownFileType = sourcecode.swift; path = swipeCellTableViewController.swift; sourceTree = "<group>"; };
		7E0110511D8D8806002D401C /* swipeCellTableViewCell.swift */ = {isa = PBXFileReference; fileEncoding = 4; lastKnownFileType = sourcecode.swift; path = swipeCellTableViewCell.swift; sourceTree = "<group>"; };
/* End PBXFileReference section */

/* Begin PBXFrameworksBuildPhase section */
		7E0110371D8D8611002D401C /* Frameworks */ = {
			isa = PBXFrameworksBuildPhase;
			buildActionMask = 2147483647;
			files = (
			);
			runOnlyForDeploymentPostprocessing = 0;
		};
/* End PBXFrameworksBuildPhase section */

/* Begin PBXGroup section */
		7E0110311D8D8611002D401C = {
			isa = PBXGroup;
			children = (
				7E01103C1D8D8611002D401C /* swipeableCell */,
				7E01103B1D8D8611002D401C /* Products */,
			);
			sourceTree = "<group>";
		};
		7E01103B1D8D8611002D401C /* Products */ = {
			isa = PBXGroup;
			children = (
				7E01103A1D8D8611002D401C /* swipeableCell.app */,
			);
			name = Products;
			sourceTree = "<group>";
		};
		7E01103C1D8D8611002D401C /* swipeableCell */ = {
			isa = PBXGroup;
			children = (
				7E01103D1D8D8611002D401C /* AppDelegate.swift */,
				7E0110411D8D8611002D401C /* Main.storyboard */,
				7E0110441D8D8611002D401C /* Assets.xcassets */,
				7E0110461D8D8611002D401C /* LaunchScreen.storyboard */,
				7E0110491D8D8611002D401C /* Info.plist */,
				7E01104F1D8D8674002D401C /* swipeCellTableViewController.swift */,
				7E0110511D8D8806002D401C /* swipeCellTableViewCell.swift */,
			);
			path = swipeableCell;
			sourceTree = "<group>";
		};
/* End PBXGroup section */

/* Begin PBXNativeTarget section */
		7E0110391D8D8611002D401C /* swipeableCell */ = {
			isa = PBXNativeTarget;
			buildConfigurationList = 7E01104C1D8D8611002D401C /* Build configuration list for PBXNativeTarget "swipeableCell" */;
			buildPhases = (
				7E0110361D8D8611002D401C /* Sources */,
				7E0110371D8D8611002D401C /* Frameworks */,
				7E0110381D8D8611002D401C /* Resources */,
			);
			buildRules = (
			);
			dependencies = (
			);
			name = swipeableCell;
			productName = swipeableCell;
			productReference = 7E01103A1D8D8611002D401C /* swipeableCell.app */;
			productType = "com.apple.product-type.application";
		};
/* End PBXNativeTarget section */

/* Begin PBXProject section */
		7E0110321D8D8611002D401C /* Project object */ = {
			isa = PBXProject;
			attributes = {
				LastSwiftUpdateCheck = 0730;
				LastUpgradeCheck = 0800;
				ORGANIZATIONNAME = yumin8312;
				TargetAttributes = {
					7E0110391D8D8611002D401C = {
						CreatedOnToolsVersion = 7.3.1;
						DevelopmentTeam = DQW2TQ4V3S;
						LastSwiftMigration = 0800;
					};
				};
			};
			buildConfigurationList = 7E0110351D8D8611002D401C /* Build configuration list for PBXProject "swipeableCell" */;
			compatibilityVersion = "Xcode 3.2";
			developmentRegion = English;
			hasScannedForEncodings = 0;
			knownRegions = (
				en,
				Base,
			);
			mainGroup = 7E0110311D8D8611002D401C;
			productRefGroup = 7E01103B1D8D8611002D401C /* Products */;
			projectDirPath = "";
			projectRoot = "";
			targets = (
				7E0110391D8D8611002D401C /* swipeableCell */,
			);
		};
/* End PBXProject section */

/* Begin PBXResourcesBuildPhase section */
		7E0110381D8D8611002D401C /* Resources */ = {
			isa = PBXResourcesBuildPhase;
			buildActionMask = 2147483647;
			files = (
				7E0110481D8D8611002D401C /* LaunchScreen.storyboard in Resources */,
				7E0110451D8D8611002D401C /* Assets.xcassets in Resources */,
				7E0110431D8D8611002D401C /* Main.storyboard in Resources */,
			);
			runOnlyForDeploymentPostprocessing = 0;
		};
/* End PBXResourcesBuildPhase section */

/* Begin PBXSourcesBuildPhase section */
		7E0110361D8D8611002D401C /* Sources */ = {
			isa = PBXSourcesBuildPhase;
			buildActionMask = 2147483647;
			files = (
				7E0110501D8D8674002D401C /* swipeCellTableViewController.swift in Sources */,
				7E0110521D8D8806002D401C /* swipeCellTableViewCell.swift in Sources */,
				7E01103E1D8D8611002D401C /* AppDelegate.swift in Sources */,
			);
			runOnlyForDeploymentPostprocessing = 0;
		};
/* End PBXSourcesBuildPhase section */

/* Begin PBXVariantGroup section */
		7E0110411D8D8611002D401C /* Main.storyboard */ = {
			isa = PBXVariantGroup;
			children = (
				7E0110421D8D8611002D401C /* Base */,
			);
			name = Main.storyboard;
			sourceTree = "<group>";
		};
		7E0110461D8D8611002D401C /* LaunchScreen.storyboard */ = {
			isa = PBXVariantGroup;
			children = (
				7E0110471D8D8611002D401C /* Base */,
			);
			name = LaunchScreen.storyboard;
			sourceTree = "<group>";
		};
/* End PBXVariantGroup section */

/* Begin XCBuildConfiguration section */
		7E01104A1D8D8611002D401C /* Debug */ = {
			isa = XCBuildConfiguration;
			buildSettings = {
				ALWAYS_SEARCH_USER_PATHS = NO;
				CLANG_ANALYZER_NONNULL = YES;
				CLANG_CXX_LANGUAGE_STANDARD = "gnu++0x";
				CLANG_CXX_LIBRARY = "libc++";
				CLANG_ENABLE_MODULES = YES;
				CLANG_ENABLE_OBJC_ARC = YES;
				CLANG_WARN_BOOL_CONVERSION = YES;
				CLANG_WARN_CONSTANT_CONVERSION = YES;
				CLANG_WARN_DIRECT_OBJC_ISA_USAGE = YES_ERROR;
				CLANG_WARN_EMPTY_BODY = YES;
				CLANG_WARN_ENUM_CONVERSION = YES;
				CLANG_WARN_INFINITE_RECURSION = YES;
				CLANG_WARN_INT_CONVERSION = YES;
				CLANG_WARN_OBJC_ROOT_CLASS = YES_ERROR;
				CLANG_WARN_SUSPICIOUS_MOVE = YES;
				CLANG_WARN_UNREACHABLE_CODE = YES;
				CLANG_WARN__DUPLICATE_METHOD_MATCH = YES;
				"CODE_SIGN_IDENTITY[sdk=iphoneos*]" = "iPhone Developer";
				COPY_PHASE_STRIP = NO;
				DEBUG_INFORMATION_FORMAT = dwarf;
				ENABLE_STRICT_OBJC_MSGSEND = YES;
				ENABLE_TESTABILITY = YES;
				GCC_C_LANGUAGE_STANDARD = gnu99;
				GCC_DYNAMIC_NO_PIC = NO;
				GCC_NO_COMMON_BLOCKS = YES;
				GCC_OPTIMIZATION_LEVEL = 0;
				GCC_PREPROCESSOR_DEFINITIONS = (
					"DEBUG=1",
					"$(inherited)",
				);
				GCC_WARN_64_TO_32_BIT_CONVERSION = YES;
				GCC_WARN_ABOUT_RETURN_TYPE = YES_ERROR;
				GCC_WARN_UNDECLARED_SELECTOR = YES;
				GCC_WARN_UNINITIALIZED_AUTOS = YES_AGGRESSIVE;
				GCC_WARN_UNUSED_FUNCTION = YES;
				GCC_WARN_UNUSED_VARIABLE = YES;
				IPHONEOS_DEPLOYMENT_TARGET = 9.3;
				MTL_ENABLE_DEBUG_INFO = YES;
				ONLY_ACTIVE_ARCH = YES;
				SDKROOT = iphoneos;
				SWIFT_OPTIMIZATION_LEVEL = "-Onone";
				SWIFT_VERSION = 2.3;
				TARGETED_DEVICE_FAMILY = "1,2";
			};
			name = Debug;
		};
		7E01104B1D8D8611002D401C /* Release */ = {
			isa = XCBuildConfiguration;
			buildSettings = {
				ALWAYS_SEARCH_USER_PATHS = NO;
				CLANG_ANALYZER_NONNULL = YES;
				CLANG_CXX_LANGUAGE_STANDARD = "gnu++0x";
				CLANG_CXX_LIBRARY = "libc++";
				CLANG_ENABLE_MODULES = YES;
				CLANG_ENABLE_OBJC_ARC = YES;
				CLANG_WARN_BOOL_CONVERSION = YES;
				CLANG_WARN_CONSTANT_CONVERSION = YES;
				CLANG_WARN_DIRECT_OBJC_ISA_USAGE = YES_ERROR;
				CLANG_WARN_EMPTY_BODY = YES;
				CLANG_WARN_ENUM_CONVERSION = YES;
				CLANG_WARN_INFINITE_RECURSION = YES;
				CLANG_WARN_INT_CONVERSION = YES;
				CLANG_WARN_OBJC_ROOT_CLASS = YES_ERROR;
				CLANG_WARN_SUSPICIOUS_MOVE = YES;
				CLANG_WARN_UNREACHABLE_CODE = YES;
				CLANG_WARN__DUPLICATE_METHOD_MATCH = YES;
				"CODE_SIGN_IDENTITY[sdk=iphoneos*]" = "iPhone Developer";
				COPY_PHASE_STRIP = NO;
				DEBUG_INFORMATION_FORMAT = "dwarf-with-dsym";
				ENABLE_NS_ASSERTIONS = NO;
				ENABLE_STRICT_OBJC_MSGSEND = YES;
				GCC_C_LANGUAGE_STANDARD = gnu99;
				GCC_NO_COMMON_BLOCKS = YES;
				GCC_WARN_64_TO_32_BIT_CONVERSION = YES;
				GCC_WARN_ABOUT_RETURN_TYPE = YES_ERROR;
				GCC_WARN_UNDECLARED_SELECTOR = YES;
				GCC_WARN_UNINITIALIZED_AUTOS = YES_AGGRESSIVE;
				GCC_WARN_UNUSED_FUNCTION = YES;
				GCC_WARN_UNUSED_VARIABLE = YES;
				IPHONEOS_DEPLOYMENT_TARGET = 9.3;
				MTL_ENABLE_DEBUG_INFO = NO;
				SDKROOT = iphoneos;
				SWIFT_OPTIMIZATION_LEVEL = "-Owholemodule";
				SWIFT_VERSION = 2.3;
				TARGETED_DEVICE_FAMILY = "1,2";
				VALIDATE_PRODUCT = YES;
			};
			name = Release;
		};
		7E01104D1D8D8611002D401C /* Debug */ = {
			isa = XCBuildConfiguration;
			buildSettings = {
				ASSETCATALOG_COMPILER_APPICON_NAME = AppIcon;
				INFOPLIST_FILE = swipeableCell/Info.plist;
				LD_RUNPATH_SEARCH_PATHS = "$(inherited) @executable_path/Frameworks";
				PRODUCT_BUNDLE_IDENTIFIER = com.practicaldemo.yumin8312.swipeableCell;
				PRODUCT_NAME = "$(TARGET_NAME)";
				SWIFT_VERSION = 3.0;
			};
			name = Debug;
		};
		7E01104E1D8D8611002D401C /* Release */ = {
			isa = XCBuildConfiguration;
			buildSettings = {
				ASSETCATALOG_COMPILER_APPICON_NAME = AppIcon;
				INFOPLIST_FILE = swipeableCell/Info.plist;
				LD_RUNPATH_SEARCH_PATHS = "$(inherited) @executable_path/Frameworks";
				PRODUCT_BUNDLE_IDENTIFIER = com.practicaldemo.yumin8312.swipeableCell;
				PRODUCT_NAME = "$(TARGET_NAME)";
				SWIFT_VERSION = 3.0;
			};
			name = Release;
		};
/* End XCBuildConfiguration section */

/* Begin XCConfigurationList section */
		7E0110351D8D8611002D401C /* Build configuration list for PBXProject "swipeableCell" */ = {
			isa = XCConfigurationList;
			buildConfigurations = (
				7E01104A1D8D8611002D401C /* Debug */,
				7E01104B1D8D8611002D401C /* Release */,
			);
			defaultConfigurationIsVisible = 0;
			defaultConfigurationName = Release;
		};
		7E01104C1D8D8611002D401C /* Build configuration list for PBXNativeTarget "swipeableCell" */ = {
			isa = XCConfigurationList;
			buildConfigurations = (
				7E01104D1D8D8611002D401C /* Debug */,
				7E01104E1D8D8611002D401C /* Release */,
			);
			defaultConfigurationIsVisible = 0;
			defaultConfigurationName = Release;
		};
/* End XCConfigurationList section */
	};
	rootObject = 7E0110321D8D8611002D401C /* Project object */;
}
